
Microsoft Visual Studio Solution File, Format Version 12.00
# Visual Studio Version 16
VisualStudioVersion = 16.0.31624.102
MinimumVisualStudioVersion = 10.0.40219.1
Project("{9A19103F-16F7-4668-BE54-9A1E7A4F7556}") = "sleep tracker", "sleep tracker.csproj", "{18ADEFA6-5C17-404D-8B0E-BF84F6A41877}"
EndProject
Global
	GlobalSection(SolutionConfigurationPlatforms) = preSolution
		Debug|Any CPU = Debug|Any CPU
		Release|Any CPU = Release|Any CPU
	EndGlobalSection
	GlobalSection(ProjectConfigurationPlatforms) = postSolution
		{18ADEFA6-5C17-404D-8B0E-BF84F6A41877}.Debug|Any CPU.ActiveCfg = Debug|Any CPU
		{18ADEFA6-5C17-404D-8B0E-BF84F6A41877}.Debug|Any CPU.Build.0 = Debug|Any CPU
		{18ADEFA6-5C17-404D-8B0E-BF84F6A41877}.Release|Any CPU.ActiveCfg = Release|Any CPU
		{18ADEFA6-5C17-404D-8B0E-BF84F6A41877}.Release|Any CPU.Build.0 = Release|Any CPU
	EndGlobalSection
	GlobalSection(SolutionProperties) = preSolution
		HideSolutionNode = FALSE
	EndGlobalSection
	GlobalSection(ExtensibilityGlobals) = postSolution
		SolutionGuid = {0044D5AA-30CE-4580-9E26-574E53527988}
	EndGlobalSection
EndGlobal
